// !$*UTF8*$!
{
	archiveVersion = 1;
	classes = {
	};
	objectVersion = 77;
	objects = {

/* Begin PBXContainerItemProxy section */
		8A4568422E7D826E002CA70E /* PBXContainerItemProxy */ = {
			isa = PBXContainerItemProxy;
			containerPortal = 8A45682C2E7D826C002CA70E /* Project object */;
			proxyType = 1;
			remoteGlobalIDString = 8A4568332E7D826C002CA70E;
			remoteInfo = GuessTheNumber;
		};
		8A45684C2E7D826E002CA70E /* PBXContainerItemProxy */ = {
			isa = PBXContainerItemProxy;
			containerPortal = 8A45682C2E7D826C002CA70E /* Project object */;
			proxyType = 1;
			remoteGlobalIDString = 8A4568332E7D826C002CA70E;
			remoteInfo = GuessTheNumber;
		};
/* End PBXContainerItemProxy section */

/* Begin PBXFileReference section */
		8A4568342E7D826C002CA70E /* GuessTheNumber.app */ = {isa = PBXFileReference; explicitFileType = wrapper.application; includeInIndex = 0; path = GuessTheNumber.app; sourceTree = BUILT_PRODUCTS_DIR; };
		8A4568412E7D826E002CA70E /* GuessTheNumberTests.xctest */ = {isa = PBXFileReference; explicitFileType = wrapper.cfbundle; includeInIndex = 0; path = GuessTheNumberTests.xctest; sourceTree = BUILT_PRODUCTS_DIR; };
		8A45684B2E7D826E002CA70E /* GuessTheNumberUITests.xctest */ = {isa = PBXFileReference; explicitFileType = wrapper.cfbundle; includeInIndex = 0; path = GuessTheNumberUITests.xctest; sourceTree = BUILT_PRODUCTS_DIR; };
/* End PBXFileReference section */

/* Begin PBXFileSystemSynchronizedRootGroup section */
		8A4568362E7D826C002CA70E /* GuessTheNumber */ = {
			isa = PBXFileSystemSynchronizedRootGroup;
			path = GuessTheNumber;
			sourceTree = "<group>";
		};
		8A4568442E7D826E002CA70E /* GuessTheNumberTests */ = {
			isa = PBXFileSystemSynchronizedRootGroup;
			path = GuessTheNumberTests;
			sourceTree = "<group>";
		};
		8A45684E2E7D826E002CA70E /* GuessTheNumberUITests */ = {
			isa = PBXFileSystemSynchronizedRootGroup;
			path = GuessTheNumberUITests;
			sourceTree = "<group>";
		};
/* End PBXFileSystemSynchronizedRootGroup section */

/* Begin PBXFrameworksBuildPhase section */
		8A4568312E7D826C002CA70E /* Frameworks */ = {
			isa = PBXFrameworksBuildPhase;
			buildActionMask = 2147483647;
			files = (
			);
			runOnlyForDeploymentPostprocessing = 0;
		};
		8A45683E2E7D826E002CA70E /* Frameworks */ = {
			isa = PBXFrameworksBuildPhase;
			buildActionMask = 2147483647;
			files = (
			);
			runOnlyForDeploymentPostprocessing = 0;
		};
		8A4568482E7D826E002CA70E /* Frameworks */ = {
			isa = PBXFrameworksBuildPhase;
			buildActionMask = 2147483647;
			files = (
			);
			runOnlyForDeploymentPostprocessing = 0;
		};
/* End PBXFrameworksBuildPhase section */

/* Begin PBXGroup section */
		8A45682B2E7D826C002CA70E = {
			isa = PBXGroup;
			children = (
				8A4568362E7D826C002CA70E /* GuessTheNumber */,
				8A4568442E7D826E002CA70E /* GuessTheNumberTests */,
				8A45684E2E7D826E002CA70E /* GuessTheNumberUITests */,
				8A4568352E7D826C002CA70E /* Products */,
			);
			sourceTree = "<group>";
		};
		8A4568352E7D826C002CA70E /* Products */ = {
			isa = PBXGroup;
			children = (
				8A4568342E7D826C002CA70E /* GuessTheNumber.app */,
				8A4568412E7D826E002CA70E /* GuessTheNumberTests.xctest */,
				8A45684B2E7D826E002CA70E /* GuessTheNumberUITests.xctest */,
			);
			name = Products;
			sourceTree = "<group>";
		};
/* End PBXGroup section */

/* Begin PBXNativeTarget section */
		8A4568332E7D826C002CA70E /* GuessTheNumber */ = {
			isa = PBXNativeTarget;
			buildConfigurationList = 8A4568552E7D826E002CA70E /* Build configuration list for PBXNativeTarget "GuessTheNumber" */;
			buildPhases = (
				8A4568302E7D826C002CA70E /* Sources */,
				8A4568312E7D826C002CA70E /* Frameworks */,
				8A4568322E7D826C002CA70E /* Resources */,
			);
			buildRules = (
			);
			dependencies = (
			);
			fileSystemSynchronizedGroups = (
				8A4568362E7D826C002CA70E /* GuessTheNumber */,
			);
			name = GuessTheNumber;
			packageProductDependencies = (
			);
			productName = GuessTheNumber;
			productReference = 8A4568342E7D826C002CA70E /* GuessTheNumber.app */;
			productType = "com.apple.product-type.application";
		};
		8A4568402E7D826E002CA70E /* GuessTheNumberTests */ = {
			isa = PBXNativeTarget;
			buildConfigurationList = 8A4568582E7D826E002CA70E /* Build configuration list for PBXNativeTarget "GuessTheNumberTests" */;
			buildPhases = (
				8A45683D2E7D826E002CA70E /* Sources */,
				8A45683E2E7D826E002CA70E /* Frameworks */,
				8A45683F2E7D826E002CA70E /* Resources */,
			);
			buildRules = (
			);
			dependencies = (
				8A4568432E7D826E002CA70E /* PBXTargetDependency */,
			);
			fileSystemSynchronizedGroups = (
				8A4568442E7D826E002CA70E /* GuessTheNumberTests */,
			);
			name = GuessTheNumberTests;
			packageProductDependencies = (
			);
			productName = GuessTheNumberTests;
			productReference = 8A4568412E7D826E002CA70E /* GuessTheNumberTests.xctest */;
			productType = "com.apple.product-type.bundle.unit-test";
		};
		8A45684A2E7D826E002CA70E /* GuessTheNumberUITests */ = {
			isa = PBXNativeTarget;
			buildConfigurationList = 8A45685B2E7D826E002CA70E /* Build configuration list for PBXNativeTarget "GuessTheNumberUITests" */;
			buildPhases = (
				8A4568472E7D826E002CA70E /* Sources */,
				8A4568482E7D826E002CA70E /* Frameworks */,
				8A4568492E7D826E002CA70E /* Resources */,
			);
			buildRules = (
			);
			dependencies = (
				8A45684D2E7D826E002CA70E /* PBXTargetDependency */,
			);
			fileSystemSynchronizedGroups = (
				8A45684E2E7D826E002CA70E /* GuessTheNumberUITests */,
			);
			name = GuessTheNumberUITests;
			packageProductDependencies = (
			);
			productName = GuessTheNumberUITests;
			productReference = 8A45684B2E7D826E002CA70E /* GuessTheNumberUITests.xctest */;
			productType = "com.apple.product-type.bundle.ui-testing";
		};
/* End PBXNativeTarget section */

/* Begin PBXProject section */
		8A45682C2E7D826C002CA70E /* Project object */ = {
			isa = PBXProject;
			attributes = {
				BuildIndependentTargetsInParallel = 1;
				LastSwiftUpdateCheck = 1640;
				LastUpgradeCheck = 1640;
				TargetAttributes = {
					8A4568332E7D826C002CA70E = {
						CreatedOnToolsVersion = 16.4;
					};
					8A4568402E7D826E002CA70E = {
						CreatedOnToolsVersion = 16.4;
						TestTargetID = 8A4568332E7D826C002CA70E;
					};
					8A45684A2E7D826E002CA70E = {
						CreatedOnToolsVersion = 16.4;
						TestTargetID = 8A4568332E7D826C002CA70E;
					};
				};
			};
			buildConfigurationList = 8A45682F2E7D826C002CA70E /* Build configuration list for PBXProject "GuessTheNumber" */;
			developmentRegion = en;
			hasScannedForEncodings = 0;
			knownRegions = (
				en,
				Base,
			);
			mainGroup = 8A45682B2E7D826C002CA70E;
			minimizedProjectReferenceProxies = 1;
			preferredProjectObjectVersion = 77;
			productRefGroup = 8A4568352E7D826C002CA70E /* Products */;
			projectDirPath = "";
			projectRoot = "";
			targets = (
				8A4568332E7D826C002CA70E /* GuessTheNumber */,
				8A4568402E7D826E002CA70E /* GuessTheNumberTests */,
				8A45684A2E7D826E002CA70E /* GuessTheNumberUITests */,
			);
		};
/* End PBXProject section */

/* Begin PBXResourcesBuildPhase section */
		8A4568322E7D826C002CA70E /* Resources */ = {
			isa = PBXResourcesBuildPhase;
			buildActionMask = 2147483647;
			files = (
			);
			runOnlyForDeploymentPostprocessing = 0;
		};
		8A45683F2E7D826E002CA70E /* Resources */ = {
			isa = PBXResourcesBuildPhase;
			buildActionMask = 2147483647;
			files = (
			);
			runOnlyForDeploymentPostprocessing = 0;
		};
		8A4568492E7D826E002CA70E /* Resources */ = {
			isa = PBXResourcesBuildPhase;
			buildActionMask = 2147483647;
			files = (
			);
			runOnlyForDeploymentPostprocessing = 0;
		};
/* End PBXResourcesBuildPhase section */

/* Begin PBXSourcesBuildPhase section */
		8A4568302E7D826C002CA70E /* Sources */ = {
			isa = PBXSourcesBuildPhase;
			buildActionMask = 2147483647;
			files = (
			);
			runOnlyForDeploymentPostprocessing = 0;
		};
		8A45683D2E7D826E002CA70E /* Sources */ = {
			isa = PBXSourcesBuildPhase;
			buildActionMask = 2147483647;
			files = (
			);
			runOnlyForDeploymentPostprocessing = 0;
		};
		8A4568472E7D826E002CA70E /* Sources */ = {
			isa = PBXSourcesBuildPhase;
			buildActionMask = 2147483647;
			files = (
			);
			runOnlyForDeploymentPostprocessing = 0;
		};
/* End PBXSourcesBuildPhase section */

/* Begin PBXTargetDependency section */
		8A4568432E7D826E002CA70E /* PBXTargetDependency */ = {
			isa = PBXTargetDependency;
			target = 8A4568332E7D826C002CA70E /* GuessTheNumber */;
			targetProxy = 8A4568422E7D826E002CA70E /* PBXContainerItemProxy */;
		};
		8A45684D2E7D826E002CA70E /* PBXTargetDependency */ = {
			isa = PBXTargetDependency;
			target = 8A4568332E7D826C002CA70E /* GuessTheNumber */;
			targetProxy = 8A45684C2E7D826E002CA70E /* PBXContainerItemProxy */;
		};
/* End PBXTargetDependency section */

/* Begin XCBuildConfiguration section */
		8A4568532E7D826E002CA70E /* Debug */ = {
			isa = XCBuildConfiguration;
			buildSettings = {
				ALWAYS_SEARCH_USER_PATHS = NO;
				ASSETCATALOG_COMPILER_GENERATE_SWIFT_ASSET_SYMBOL_EXTENSIONS = YES;
				CLANG_ANALYZER_NONNULL = YES;
				CLANG_ANALYZER_NUMBER_OBJECT_CONVERSION = YES_AGGRESSIVE;
				CLANG_CXX_LANGUAGE_STANDARD = "gnu++20";
				CLANG_ENABLE_MODULES = YES;
				CLANG_ENABLE_OBJC_ARC = YES;
				CLANG_ENABLE_OBJC_WEAK = YES;
				CLANG_WARN_BLOCK_CAPTURE_AUTORELEASING = YES;
				CLANG_WARN_BOOL_CONVERSION = YES;
				CLANG_WARN_COMMA = YES;
				CLANG_WARN_CONSTANT_CONVERSION = YES;
				CLANG_WARN_DEPRECATED_OBJC_IMPLEMENTATIONS = YES;
				CLANG_WARN_DIRECT_OBJC_ISA_USAGE = YES_ERROR;
				CLANG_WARN_DOCUMENTATION_COMMENTS = YES;
				CLANG_WARN_EMPTY_BODY = YES;
				CLANG_WARN_ENUM_CONVERSION = YES;
				CLANG_WARN_INFINITE_RECURSION = YES;
				CLANG_WARN_INT_CONVERSION = YES;
				CLANG_WARN_NON_LITERAL_NULL_CONVERSION = YES;
				CLANG_WARN_OBJC_IMPLICIT_RETAIN_SELF = YES;
				CLANG_WARN_OBJC_LITERAL_CONVERSION = YES;
				CLANG_WARN_OBJC_ROOT_CLASS = YES_ERROR;
				CLANG_WARN_QUOTED_INCLUDE_IN_FRAMEWORK_HEADER = YES;
				CLANG_WARN_RANGE_LOOP_ANALYSIS = YES;
				CLANG_WARN_STRICT_PROTOTYPES = YES;
				CLANG_WARN_SUSPICIOUS_MOVE = YES;
				CLANG_WARN_UNGUARDED_AVAILABILITY = YES_AGGRESSIVE;
				CLANG_WARN_UNREACHABLE_CODE = YES;
				CLANG_WARN__DUPLICATE_METHOD_MATCH = YES;
				COPY_PHASE_STRIP = NO;
				DEBUG_INFORMATION_FORMAT = dwarf;
				DEVELOPMENT_TEAM = N52GYA55DT;
				ENABLE_STRICT_OBJC_MSGSEND = YES;
				ENABLE_TESTABILITY = YES;
				ENABLE_USER_SCRIPT_SANDBOXING = YES;
				GCC_C_LANGUAGE_STANDARD = gnu17;
				GCC_DYNAMIC_NO_PIC = NO;
				GCC_NO_COMMON_BLOCKS = YES;
				GCC_OPTIMIZATION_LEVEL = 0;
				GCC_PREPROCESSOR_DEFINITIONS = (
					"DEBUG=1",
					"$(inherited)",
				);
				GCC_WARN_64_TO_32_BIT_CONVERSION = YES;
				GCC_WARN_ABOUT_RETURN_TYPE = YES_ERROR;
				GCC_WARN_UNDECLARED_SELECTOR = YES;
				GCC_WARN_UNINITIALIZED_AUTOS = YES_AGGRESSIVE;
				GCC_WARN_UNUSED_FUNCTION = YES;
				GCC_WARN_UNUSED_VARIABLE = YES;
				IPHONEOS_DEPLOYMENT_TARGET = 18.5;
				LOCALIZATION_PREFERS_STRING_CATALOGS = YES;
				MTL_ENABLE_DEBUG_INFO = INCLUDE_SOURCE;
				MTL_FAST_MATH = YES;
				ONLY_ACTIVE_ARCH = YES;
				SDKROOT = iphoneos;
				SWIFT_ACTIVE_COMPILATION_CONDITIONS = "DEBUG $(inherited)";
				SWIFT_OPTIMIZATION_LEVEL = "-Onone";
			};
			name = Debug;
		};
		8A4568542E7D826E002CA70E /* Release */ = {
			isa = XCBuildConfiguration;
			buildSettings = {
				ALWAYS_SEARCH_USER_PATHS = NO;
				ASSETCATALOG_COMPILER_GENERATE_SWIFT_ASSET_SYMBOL_EXTENSIONS = YES;
				CLANG_ANALYZER_NONNULL = YES;
				CLANG_ANALYZER_NUMBER_OBJECT_CONVERSION = YES_AGGRESSIVE;
				CLANG_CXX_LANGUAGE_STANDARD = "gnu++20";
				CLANG_ENABLE_MODULES = YES;
				CLANG_ENABLE_OBJC_ARC = YES;
				CLANG_ENABLE_OBJC_WEAK = YES;
				CLANG_WARN_BLOCK_CAPTURE_AUTORELEASING = YES;
				CLANG_WARN_BOOL_CONVERSION = YES;
				CLANG_WARN_COMMA = YES;
				CLANG_WARN_CONSTANT_CONVERSION = YES;
				CLANG_WARN_DEPRECATED_OBJC_IMPLEMENTATIONS = YES;
				CLANG_WARN_DIRECT_OBJC_ISA_USAGE = YES_ERROR;
				CLANG_WARN_DOCUMENTATION_COMMENTS = YES;
				CLANG_WARN_EMPTY_BODY = YES;
				CLANG_WARN_ENUM_CONVERSION = YES;
				CLANG_WARN_INFINITE_RECURSION = YES;
				CLANG_WARN_INT_CONVERSION = YES;
				CLANG_WARN_NON_LITERAL_NULL_CONVERSION = YES;
				CLANG_WARN_OBJC_IMPLICIT_RETAIN_SELF = YES;
				CLANG_WARN_OBJC_LITERAL_CONVERSION = YES;
				CLANG_WARN_OBJC_ROOT_CLASS = YES_ERROR;
				CLANG_WARN_QUOTED_INCLUDE_IN_FRAMEWORK_HEADER = YES;
				CLANG_WARN_RANGE_LOOP_ANALYSIS = YES;
				CLANG_WARN_STRICT_PROTOTYPES = YES;
				CLANG_WARN_SUSPICIOUS_MOVE = YES;
				CLANG_WARN_UNGUARDED_AVAILABILITY = YES_AGGRESSIVE;
				CLANG_WARN_UNREACHABLE_CODE = YES;
				CLANG_WARN__DUPLICATE_METHOD_MATCH = YES;
				COPY_PHASE_STRIP = NO;
				DEBUG_INFORMATION_FORMAT = "dwarf-with-dsym";
				DEVELOPMENT_TEAM = N52GYA55DT;
				ENABLE_NS_ASSERTIONS = NO;
				ENABLE_STRICT_OBJC_MSGSEND = YES;
				ENABLE_USER_SCRIPT_SANDBOXING = YES;
				GCC_C_LANGUAGE_STANDARD = gnu17;
				GCC_NO_COMMON_BLOCKS = YES;
				GCC_WARN_64_TO_32_BIT_CONVERSION = YES;
				GCC_WARN_ABOUT_RETURN_TYPE = YES_ERROR;
				GCC_WARN_UNDECLARED_SELECTOR = YES;
				GCC_WARN_UNINITIALIZED_AUTOS = YES_AGGRESSIVE;
				GCC_WARN_UNUSED_FUNCTION = YES;
				GCC_WARN_UNUSED_VARIABLE = YES;
				IPHONEOS_DEPLOYMENT_TARGET = 18.5;
				LOCALIZATION_PREFERS_STRING_CATALOGS = YES;
				MTL_ENABLE_DEBUG_INFO = NO;
				MTL_FAST_MATH = YES;
				SDKROOT = iphoneos;
				SWIFT_COMPILATION_MODE = wholemodule;
				VALIDATE_PRODUCT = YES;
			};
			name = Release;
		};
		8A4568562E7D826E002CA70E /* Debug */ = {
			isa = XCBuildConfiguration;
			buildSettings = {
				ASSETCATALOG_COMPILER_APPICON_NAME = AppIcon;
				ASSETCATALOG_COMPILER_GLOBAL_ACCENT_COLOR_NAME = AccentColor;
				CODE_SIGN_STYLE = Automatic;
				CURRENT_PROJECT_VERSION = 1;
				DEVELOPMENT_TEAM = N52GYA55DT;
				ENABLE_PREVIEWS = YES;
				GENERATE_INFOPLIST_FILE = YES;
				INFOPLIST_KEY_UIApplicationSceneManifest_Generation = YES;
				INFOPLIST_KEY_UIApplicationSupportsIndirectInputEvents = YES;
				INFOPLIST_KEY_UILaunchScreen_Generation = YES;
				INFOPLIST_KEY_UISupportedInterfaceOrientations_iPad = "UIInterfaceOrientationPortrait UIInterfaceOrientationPortraitUpsideDown UIInterfaceOrientationLandscapeLeft UIInterfaceOrientationLandscapeRight";
				INFOPLIST_KEY_UISupportedInterfaceOrientations_iPhone = "UIInterfaceOrientationPortrait UIInterfaceOrientationLandscapeLeft UIInterfaceOrientationLandscapeRight";
				LD_RUNPATH_SEARCH_PATHS = (
					"$(inherited)",
					"@executable_path/Frameworks",
				);
				MARKETING_VERSION = 1.0;
				PRODUCT_BUNDLE_IDENTIFIER = MyApp.GuessTheNumber;
				PRODUCT_NAME = "$(TARGET_NAME)";
				SWIFT_EMIT_LOC_STRINGS = YES;
				SWIFT_VERSION = 5.0;
				TARGETED_DEVICE_FAMILY = "1,2";
			};
			name = Debug;
		};
		8A4568572E7D826E002CA70E /* Release */ = {
			isa = XCBuildConfiguration;
			buildSettings = {
				ASSETCATALOG_COMPILER_APPICON_NAME = AppIcon;
				ASSETCATALOG_COMPILER_GLOBAL_ACCENT_COLOR_NAME = AccentColor;
				CODE_SIGN_STYLE = Automatic;
				CURRENT_PROJECT_VERSION = 1;
				DEVELOPMENT_TEAM = N52GYA55DT;
				ENABLE_PREVIEWS = YES;
				GENERATE_INFOPLIST_FILE = YES;
				INFOPLIST_KEY_UIApplicationSceneManifest_Generation = YES;
				INFOPLIST_KEY_UIApplicationSupportsIndirectInputEvents = YES;
				INFOPLIST_KEY_UILaunchScreen_Generation = YES;
				INFOPLIST_KEY_UISupportedInterfaceOrientations_iPad = "UIInterfaceOrientationPortrait UIInterfaceOrientationPortraitUpsideDown UIInterfaceOrientationLandscapeLeft UIInterfaceOrientationLandscapeRight";
				INFOPLIST_KEY_UISupportedInterfaceOrientations_iPhone = "UIInterfaceOrientationPortrait UIInterfaceOrientationLandscapeLeft UIInterfaceOrientationLandscapeRight";
				LD_RUNPATH_SEARCH_PATHS = (
					"$(inherited)",
					"@executable_path/Frameworks",
				);
				MARKETING_VERSION = 1.0;
				PRODUCT_BUNDLE_IDENTIFIER = MyApp.GuessTheNumber;
				PRODUCT_NAME = "$(TARGET_NAME)";
				SWIFT_EMIT_LOC_STRINGS = YES;
				SWIFT_VERSION = 5.0;
				TARGETED_DEVICE_FAMILY = "1,2";
			};
			name = Release;
		};
		8A4568592E7D826E002CA70E /* Debug */ = {
			isa = XCBuildConfiguration;
			buildSettings = {
				BUNDLE_LOADER = "$(TEST_HOST)";
				CODE_SIGN_STYLE = Automatic;
				CURRENT_PROJECT_VERSION = 1;
				DEVELOPMENT_TEAM = N52GYA55DT;
				GENERATE_INFOPLIST_FILE = YES;
				IPHONEOS_DEPLOYMENT_TARGET = 18.5;
				MARKETING_VERSION = 1.0;
				PRODUCT_BUNDLE_IDENTIFIER = MyApp.GuessTheNumberTests;
				PRODUCT_NAME = "$(TARGET_NAME)";
				SWIFT_EMIT_LOC_STRINGS = NO;
				SWIFT_VERSION = 5.0;
				TARGETED_DEVICE_FAMILY = "1,2";
				TEST_HOST = "$(BUILT_PRODUCTS_DIR)/GuessTheNumber.app/$(BUNDLE_EXECUTABLE_FOLDER_PATH)/GuessTheNumber";
			};
			name = Debug;
		};
		8A45685A2E7D826E002CA70E /* Release */ = {
			isa = XCBuildConfiguration;
			buildSettings = {
				BUNDLE_LOADER = "$(TEST_HOST)";
				CODE_SIGN_STYLE = Automatic;
				CURRENT_PROJECT_VERSION = 1;
				DEVELOPMENT_TEAM = N52GYA55DT;
				GENERATE_INFOPLIST_FILE = YES;
				IPHONEOS_DEPLOYMENT_TARGET = 18.5;
				MARKETING_VERSION = 1.0;
				PRODUCT_BUNDLE_IDENTIFIER = MyApp.GuessTheNumberTests;
				PRODUCT_NAME = "$(TARGET_NAME)";
				SWIFT_EMIT_LOC_STRINGS = NO;
				SWIFT_VERSION = 5.0;
				TARGETED_DEVICE_FAMILY = "1,2";
				TEST_HOST = "$(BUILT_PRODUCTS_DIR)/GuessTheNumber.app/$(BUNDLE_EXECUTABLE_FOLDER_PATH)/GuessTheNumber";
			};
			name = Release;
		};
		8A45685C2E7D826E002CA70E /* Debug */ = {
			isa = XCBuildConfiguration;
			buildSettings = {
				CODE_SIGN_STYLE = Automatic;
				CURRENT_PROJECT_VERSION = 1;
				DEVELOPMENT_TEAM = N52GYA55DT;
				GENERATE_INFOPLIST_FILE = YES;
				MARKETING_VERSION = 1.0;
				PRODUCT_BUNDLE_IDENTIFIER = MyApp.GuessTheNumberUITests;
				PRODUCT_NAME = "$(TARGET_NAME)";
				SWIFT_EMIT_LOC_STRINGS = NO;
				SWIFT_VERSION = 5.0;
				TARGETED_DEVICE_FAMILY = "1,2";
				TEST_TARGET_NAME = GuessTheNumber;
			};
			name = Debug;
		};
		8A45685D2E7D826E002CA70E /* Release */ = {
			isa = XCBuildConfiguration;
			buildSettings = {
				CODE_SIGN_STYLE = Automatic;
				CURRENT_PROJECT_VERSION = 1;
				DEVELOPMENT_TEAM = N52GYA55DT;
				GENERATE_INFOPLIST_FILE = YES;
				MARKETING_VERSION = 1.0;
				PRODUCT_BUNDLE_IDENTIFIER = MyApp.GuessTheNumberUITests;
				PRODUCT_NAME = "$(TARGET_NAME)";
				SWIFT_EMIT_LOC_STRINGS = NO;
				SWIFT_VERSION = 5.0;
				TARGETED_DEVICE_FAMILY = "1,2";
				TEST_TARGET_NAME = GuessTheNumber;
			};
			name = Release;
		};
/* End XCBuildConfiguration section */

/* Begin XCConfigurationList section */
		8A45682F2E7D826C002CA70E /* Build configuration list for PBXProject "GuessTheNumber" */ = {
			isa = XCConfigurationList;
			buildConfigurations = (
				8A4568532E7D826E002CA70E /* Debug */,
				8A4568542E7D826E002CA70E /* Release */,
			);
			defaultConfigurationIsVisible = 0;
			defaultConfigurationName = Release;
		};
		8A4568552E7D826E002CA70E /* Build configuration list for PBXNativeTarget "GuessTheNumber" */ = {
			isa = XCConfigurationList;
			buildConfigurations = (
				8A4568562E7D826E002CA70E /* Debug */,
				8A4568572E7D826E002CA70E /* Release */,
			);
			defaultConfigurationIsVisible = 0;
			defaultConfigurationName = Release;
		};
		8A4568582E7D826E002CA70E /* Build configuration list for PBXNativeTarget "GuessTheNumberTests" */ = {
			isa = XCConfigurationList;
			buildConfigurations = (
				8A4568592E7D826E002CA70E /* Debug */,
				8A45685A2E7D826E002CA70E /* Release */,
			);
			defaultConfigurationIsVisible = 0;
			defaultConfigurationName = Release;
		};
		8A45685B2E7D826E002CA70E /* Build configuration list for PBXNativeTarget "GuessTheNumberUITests" */ = {
			isa = XCConfigurationList;
			buildConfigurations = (
				8A45685C2E7D826E002CA70E /* Debug */,
				8A45685D2E7D826E002CA70E /* Release */,
			);
			defaultConfigurationIsVisible = 0;
			defaultConfigurationName = Release;
		};
/* End XCConfigurationList section */
	};
	rootObject = 8A45682C2E7D826C002CA70E /* Project object */;
}
